// !$*UTF8*$!
{
	archiveVersion = 1;
	classes = {
	};
	objectVersion = 50;
	objects = {

/* Begin PBXBuildFile section */
		8C2AE6DD25E41C41000D9C5C /* RemoteImageView.swift in Sources */ = {isa = PBXBuildFile; fileRef = 8C2AE6DC25E41C41000D9C5C /* RemoteImageView.swift */; };
		8CE1EA6725E2F8B60002C56C /* DogPictureBrowserApp.swift in Sources */ = {isa = PBXBuildFile; fileRef = 8CE1EA6625E2F8B60002C56C /* DogPictureBrowserApp.swift */; };
		8CE1EA6925E2F8B60002C56C /* ContentView.swift in Sources */ = {isa = PBXBuildFile; fileRef = 8CE1EA6825E2F8B60002C56C /* ContentView.swift */; };
		8CE1EA6B25E2F8BB0002C56C /* Assets.xcassets in Resources */ = {isa = PBXBuildFile; fileRef = 8CE1EA6A25E2F8BB0002C56C /* Assets.xcassets */; };
		8CE1EA6E25E2F8BB0002C56C /* Preview Assets.xcassets in Resources */ = {isa = PBXBuildFile; fileRef = 8CE1EA6D25E2F8BB0002C56C /* Preview Assets.xcassets */; };
		8CE1EA7725E2F90C0002C56C /* DogPicture.swift in Sources */ = {isa = PBXBuildFile; fileRef = 8CE1EA7625E2F90C0002C56C /* DogPicture.swift */; };
		8CE1EA7C25E2F97A0002C56C /* SearchResult.swift in Sources */ = {isa = PBXBuildFile; fileRef = 8CE1EA7B25E2F97A0002C56C /* SearchResult.swift */; };
/* End PBXBuildFile section */

/* Begin PBXFileReference section */
		8C2AE6DC25E41C41000D9C5C /* RemoteImageView.swift */ = {isa = PBXFileReference; lastKnownFileType = sourcecode.swift; path = RemoteImageView.swift; sourceTree = "<group>"; };
		8CE1EA6325E2F8B60002C56C /* DogPictureBrowser.app */ = {isa = PBXFileReference; explicitFileType = wrapper.application; includeInIndex = 0; path = DogPictureBrowser.app; sourceTree = BUILT_PRODUCTS_DIR; };
		8CE1EA6625E2F8B60002C56C /* DogPictureBrowserApp.swift */ = {isa = PBXFileReference; lastKnownFileType = sourcecode.swift; path = DogPictureBrowserApp.swift; sourceTree = "<group>"; };
		8CE1EA6825E2F8B60002C56C /* ContentView.swift */ = {isa = PBXFileReference; lastKnownFileType = sourcecode.swift; path = ContentView.swift; sourceTree = "<group>"; };
		8CE1EA6A25E2F8BB0002C56C /* Assets.xcassets */ = {isa = PBXFileReference; lastKnownFileType = folder.assetcatalog; path = Assets.xcassets; sourceTree = "<group>"; };
		8CE1EA6D25E2F8BB0002C56C /* Preview Assets.xcassets */ = {isa = PBXFileReference; lastKnownFileType = folder.assetcatalog; path = "Preview Assets.xcassets"; sourceTree = "<group>"; };
		8CE1EA6F25E2F8BB0002C56C /* Info.plist */ = {isa = PBXFileReference; lastKnownFileType = text.plist.xml; path = Info.plist; sourceTree = "<group>"; };
		8CE1EA7625E2F90C0002C56C /* DogPicture.swift */ = {isa = PBXFileReference; lastKnownFileType = sourcecode.swift; path = DogPicture.swift; sourceTree = "<group>"; };
		8CE1EA7B25E2F97A0002C56C /* SearchResult.swift */ = {isa = PBXFileReference; lastKnownFileType = sourcecode.swift; path = SearchResult.swift; sourceTree = "<group>"; };
/* End PBXFileReference section */

/* Begin PBXFrameworksBuildPhase section */
		8CE1EA6025E2F8B60002C56C /* Frameworks */ = {
			isa = PBXFrameworksBuildPhase;
			buildActionMask = 2147483647;
			files = (
			);
			runOnlyForDeploymentPostprocessing = 0;
		};
/* End PBXFrameworksBuildPhase section */

/* Begin PBXGroup section */
		8CE1EA5A25E2F8B60002C56C = {
			isa = PBXGroup;
			children = (
				8CE1EA6525E2F8B60002C56C /* DogPictureBrowser */,
				8CE1EA6425E2F8B60002C56C /* Products */,
			);
			sourceTree = "<group>";
		};
		8CE1EA6425E2F8B60002C56C /* Products */ = {
			isa = PBXGroup;
			children = (
				8CE1EA6325E2F8B60002C56C /* DogPictureBrowser.app */,
			);
			name = Products;
			sourceTree = "<group>";
		};
		8CE1EA6525E2F8B60002C56C /* DogPictureBrowser */ = {
			isa = PBXGroup;
			children = (
				8CE1EA6625E2F8B60002C56C /* DogPictureBrowserApp.swift */,
				8CE1EA7A25E2F91C0002C56C /* Model */,
				8CE1EA7925E2F9110002C56C /* Views */,
				8CE1EA6A25E2F8BB0002C56C /* Assets.xcassets */,
				8CE1EA6F25E2F8BB0002C56C /* Info.plist */,
				8CE1EA6C25E2F8BB0002C56C /* Preview Content */,
			);
			path = DogPictureBrowser;
			sourceTree = "<group>";
		};
		8CE1EA6C25E2F8BB0002C56C /* Preview Content */ = {
			isa = PBXGroup;
			children = (
				8CE1EA6D25E2F8BB0002C56C /* Preview Assets.xcassets */,
			);
			path = "Preview Content";
			sourceTree = "<group>";
		};
		8CE1EA7925E2F9110002C56C /* Views */ = {
			isa = PBXGroup;
			children = (
				8CE1EA6825E2F8B60002C56C /* ContentView.swift */,
				8C2AE6DC25E41C41000D9C5C /* RemoteImageView.swift */,
			);
			path = Views;
			sourceTree = "<group>";
		};
		8CE1EA7A25E2F91C0002C56C /* Model */ = {
			isa = PBXGroup;
			children = (
				8CE1EA7625E2F90C0002C56C /* DogPicture.swift */,
				8CE1EA7B25E2F97A0002C56C /* SearchResult.swift */,
			);
			path = Model;
			sourceTree = "<group>";
		};
/* End PBXGroup section */

/* Begin PBXNativeTarget section */
		8CE1EA6225E2F8B60002C56C /* DogPictureBrowser */ = {
			isa = PBXNativeTarget;
			buildConfigurationList = 8CE1EA7225E2F8BB0002C56C /* Build configuration list for PBXNativeTarget "DogPictureBrowser" */;
			buildPhases = (
				8CE1EA5F25E2F8B60002C56C /* Sources */,
				8CE1EA6025E2F8B60002C56C /* Frameworks */,
				8CE1EA6125E2F8B60002C56C /* Resources */,
			);
			buildRules = (
			);
			dependencies = (
			);
			name = DogPictureBrowser;
			productName = DogPictureBrowser;
			productReference = 8CE1EA6325E2F8B60002C56C /* DogPictureBrowser.app */;
			productType = "com.apple.product-type.application";
		};
/* End PBXNativeTarget section */

/* Begin PBXProject section */
		8CE1EA5B25E2F8B60002C56C /* Project object */ = {
			isa = PBXProject;
			attributes = {
				LastSwiftUpdateCheck = 1240;
				LastUpgradeCheck = 1240;
				TargetAttributes = {
					8CE1EA6225E2F8B60002C56C = {
						CreatedOnToolsVersion = 12.4;
					};
				};
			};
			buildConfigurationList = 8CE1EA5E25E2F8B60002C56C /* Build configuration list for PBXProject "DogPictureBrowser" */;
			compatibilityVersion = "Xcode 9.3";
			developmentRegion = en;
			hasScannedForEncodings = 0;
			knownRegions = (
				en,
				Base,
			);
			mainGroup = 8CE1EA5A25E2F8B60002C56C;
			productRefGroup = 8CE1EA6425E2F8B60002C56C /* Products */;
			projectDirPath = "";
			projectRoot = "";
			targets = (
				8CE1EA6225E2F8B60002C56C /* DogPictureBrowser */,
			);
		};
/* End PBXProject section */

/* Begin PBXResourcesBuildPhase section */
		8CE1EA6125E2F8B60002C56C /* Resources */ = {
			isa = PBXResourcesBuildPhase;
			buildActionMask = 2147483647;
			files = (
				8CE1EA6E25E2F8BB0002C56C /* Preview Assets.xcassets in Resources */,
				8CE1EA6B25E2F8BB0002C56C /* Assets.xcassets in Resources */,
			);
			runOnlyForDeploymentPostprocessing = 0;
		};
/* End PBXResourcesBuildPhase section */

/* Begin PBXSourcesBuildPhase section */
		8CE1EA5F25E2F8B60002C56C /* Sources */ = {
			isa = PBXSourcesBuildPhase;
			buildActionMask = 2147483647;
			files = (
				8CE1EA7725E2F90C0002C56C /* DogPicture.swift in Sources */,
				8CE1EA6925E2F8B60002C56C /* ContentView.swift in Sources */,
				8CE1EA7C25E2F97A0002C56C /* SearchResult.swift in Sources */,
				8C2AE6DD25E41C41000D9C5C /* RemoteImageView.swift in Sources */,
				8CE1EA6725E2F8B60002C56C /* DogPictureBrowserApp.swift in Sources */,
			);
			runOnlyForDeploymentPostprocessing = 0;
		};
/* End PBXSourcesBuildPhase section */

/* Begin XCBuildConfiguration section */
		8CE1EA7025E2F8BB0002C56C /* Debug */ = {
			isa = XCBuildConfiguration;
			buildSettings = {
				ALWAYS_SEARCH_USER_PATHS = NO;
				CLANG_ANALYZER_NONNULL = YES;
				CLANG_ANALYZER_NUMBER_OBJECT_CONVERSION = YES_AGGRESSIVE;
				CLANG_CXX_LANGUAGE_STANDARD = "gnu++14";
				CLANG_CXX_LIBRARY = "libc++";
				CLANG_ENABLE_MODULES = YES;
				CLANG_ENABLE_OBJC_ARC = YES;
				CLANG_ENABLE_OBJC_WEAK = YES;
				CLANG_WARN_BLOCK_CAPTURE_AUTORELEASING = YES;
				CLANG_WARN_BOOL_CONVERSION = YES;
				CLANG_WARN_COMMA = YES;
				CLANG_WARN_CONSTANT_CONVERSION = YES;
				CLANG_WARN_DEPRECATED_OBJC_IMPLEMENTATIONS = YES;
				CLANG_WARN_DIRECT_OBJC_ISA_USAGE = YES_ERROR;
				CLANG_WARN_DOCUMENTATION_COMMENTS = YES;
				CLANG_WARN_EMPTY_BODY = YES;
				CLANG_WARN_ENUM_CONVERSION = YES;
				CLANG_WARN_INFINITE_RECURSION = YES;
				CLANG_WARN_INT_CONVERSION = YES;
				CLANG_WARN_NON_LITERAL_NULL_CONVERSION = YES;
				CLANG_WARN_OBJC_IMPLICIT_RETAIN_SELF = YES;
				CLANG_WARN_OBJC_LITERAL_CONVERSION = YES;
				CLANG_WARN_OBJC_ROOT_CLASS = YES_ERROR;
				CLANG_WARN_QUOTED_INCLUDE_IN_FRAMEWORK_HEADER = YES;
				CLANG_WARN_RANGE_LOOP_ANALYSIS = YES;
				CLANG_WARN_STRICT_PROTOTYPES = YES;
				CLANG_WARN_SUSPICIOUS_MOVE = YES;
				CLANG_WARN_UNGUARDED_AVAILABILITY = YES_AGGRESSIVE;
				CLANG_WARN_UNREACHABLE_CODE = YES;
				CLANG_WARN__DUPLICATE_METHOD_MATCH = YES;
				COPY_PHASE_STRIP = NO;
				DEBUG_INFORMATION_FORMAT = dwarf;
				ENABLE_STRICT_OBJC_MSGSEND = YES;
				ENABLE_TESTABILITY = YES;
				GCC_C_LANGUAGE_STANDARD = gnu11;
				GCC_DYNAMIC_NO_PIC = NO;
				GCC_NO_COMMON_BLOCKS = YES;
				GCC_OPTIMIZATION_LEVEL = 0;
				GCC_PREPROCESSOR_DEFINITIONS = (
					"DEBUG=1",
					"$(inherited)",
				);
				GCC_WARN_64_TO_32_BIT_CONVERSION = YES;
				GCC_WARN_ABOUT_RETURN_TYPE = YES_ERROR;
				GCC_WARN_UNDECLARED_SELECTOR = YES;
				GCC_WARN_UNINITIALIZED_AUTOS = YES_AGGRESSIVE;
				GCC_WARN_UNUSED_FUNCTION = YES;
				GCC_WARN_UNUSED_VARIABLE = YES;
				IPHONEOS_DEPLOYMENT_TARGET = 14.4;
				MTL_ENABLE_DEBUG_INFO = INCLUDE_SOURCE;
				MTL_FAST_MATH = YES;
				ONLY_ACTIVE_ARCH = YES;
				SDKROOT = iphoneos;
				SWIFT_ACTIVE_COMPILATION_CONDITIONS = DEBUG;
				SWIFT_OPTIMIZATION_LEVEL = "-Onone";
			};
			name = Debug;
		};
		8CE1EA7125E2F8BB0002C56C /* Release */ = {
			isa = XCBuildConfiguration;
			buildSettings = {
				ALWAYS_SEARCH_USER_PATHS = NO;
				CLANG_ANALYZER_NONNULL = YES;
				CLANG_ANALYZER_NUMBER_OBJECT_CONVERSION = YES_AGGRESSIVE;
				CLANG_CXX_LANGUAGE_STANDARD = "gnu++14";
				CLANG_CXX_LIBRARY = "libc++";
				CLANG_ENABLE_MODULES = YES;
				CLANG_ENABLE_OBJC_ARC = YES;
				CLANG_ENABLE_OBJC_WEAK = YES;
				CLANG_WARN_BLOCK_CAPTURE_AUTORELEASING = YES;
				CLANG_WARN_BOOL_CONVERSION = YES;
				CLANG_WARN_COMMA = YES;
				CLANG_WARN_CONSTANT_CONVERSION = YES;
				CLANG_WARN_DEPRECATED_OBJC_IMPLEMENTATIONS = YES;
				CLANG_WARN_DIRECT_OBJC_ISA_USAGE = YES_ERROR;
				CLANG_WARN_DOCUMENTATION_COMMENTS = YES;
				CLANG_WARN_EMPTY_BODY = YES;
				CLANG_WARN_ENUM_CONVERSION = YES;
				CLANG_WARN_INFINITE_RECURSION = YES;
				CLANG_WARN_INT_CONVERSION = YES;
				CLANG_WARN_NON_LITERAL_NULL_CONVERSION = YES;
				CLANG_WARN_OBJC_IMPLICIT_RETAIN_SELF = YES;
				CLANG_WARN_OBJC_LITERAL_CONVERSION = YES;
				CLANG_WARN_OBJC_ROOT_CLASS = YES_ERROR;
				CLANG_WARN_QUOTED_INCLUDE_IN_FRAMEWORK_HEADER = YES;
				CLANG_WARN_RANGE_LOOP_ANALYSIS = YES;
				CLANG_WARN_STRICT_PROTOTYPES = YES;
				CLANG_WARN_SUSPICIOUS_MOVE = YES;
				CLANG_WARN_UNGUARDED_AVAILABILITY = YES_AGGRESSIVE;
				CLANG_WARN_UNREACHABLE_CODE = YES;
				CLANG_WARN__DUPLICATE_METHOD_MATCH = YES;
				COPY_PHASE_STRIP = NO;
				DEBUG_INFORMATION_FORMAT = "dwarf-with-dsym";
				ENABLE_NS_ASSERTIONS = NO;
				ENABLE_STRICT_OBJC_MSGSEND = YES;
				GCC_C_LANGUAGE_STANDARD = gnu11;
				GCC_NO_COMMON_BLOCKS = YES;
				GCC_WARN_64_TO_32_BIT_CONVERSION = YES;
				GCC_WARN_ABOUT_RETURN_TYPE = YES_ERROR;
				GCC_WARN_UNDECLARED_SELECTOR = YES;
				GCC_WARN_UNINITIALIZED_AUTOS = YES_AGGRESSIVE;
				GCC_WARN_UNUSED_FUNCTION = YES;
				GCC_WARN_UNUSED_VARIABLE = YES;
				IPHONEOS_DEPLOYMENT_TARGET = 14.4;
				MTL_ENABLE_DEBUG_INFO = NO;
				MTL_FAST_MATH = YES;
				SDKROOT = iphoneos;
				SWIFT_COMPILATION_MODE = wholemodule;
				SWIFT_OPTIMIZATION_LEVEL = "-O";
				VALIDATE_PRODUCT = YES;
			};
			name = Release;
		};
		8CE1EA7325E2F8BB0002C56C /* Debug */ = {
			isa = XCBuildConfiguration;
			buildSettings = {
				ASSETCATALOG_COMPILER_APPICON_NAME = AppIcon;
				ASSETCATALOG_COMPILER_GLOBAL_ACCENT_COLOR_NAME = AccentColor;
				CODE_SIGN_STYLE = Automatic;
				DEVELOPMENT_ASSET_PATHS = "\"DogPictureBrowser/Preview Content\"";
				DEVELOPMENT_TEAM = 93SKHWY4QD;
				ENABLE_PREVIEWS = YES;
				INFOPLIST_FILE = DogPictureBrowser/Info.plist;
				IPHONEOS_DEPLOYMENT_TARGET = 14.0;
				LD_RUNPATH_SEARCH_PATHS = (
					"$(inherited)",
					"@executable_path/Frameworks",
				);
				PRODUCT_BUNDLE_IDENTIFIER = ca.charleysun.DogPictureBrowser;
				PRODUCT_NAME = "$(TARGET_NAME)";
				SWIFT_VERSION = 5.0;
				TARGETED_DEVICE_FAMILY = "1,2";
			};
			name = Debug;
		};
		8CE1EA7425E2F8BB0002C56C /* Release */ = {
			isa = XCBuildConfiguration;
			buildSettings = {
				ASSETCATALOG_COMPILER_APPICON_NAME = AppIcon;
				ASSETCATALOG_COMPILER_GLOBAL_ACCENT_COLOR_NAME = AccentColor;
				CODE_SIGN_STYLE = Automatic;
				DEVELOPMENT_ASSET_PATHS = "\"DogPictureBrowser/Preview Content\"";
				DEVELOPMENT_TEAM = 93SKHWY4QD;
				ENABLE_PREVIEWS = YES;
				INFOPLIST_FILE = DogPictureBrowser/Info.plist;
				IPHONEOS_DEPLOYMENT_TARGET = 14.0;
				LD_RUNPATH_SEARCH_PATHS = (
					"$(inherited)",
					"@executable_path/Frameworks",
				);
				PRODUCT_BUNDLE_IDENTIFIER = ca.charleysun.DogPictureBrowser;
				PRODUCT_NAME = "$(TARGET_NAME)";
				SWIFT_VERSION = 5.0;
				TARGETED_DEVICE_FAMILY = "1,2";
			};
			name = Release;
		};
/* End XCBuildConfiguration section */

/* Begin XCConfigurationList section */
		8CE1EA5E25E2F8B60002C56C /* Build configuration list for PBXProject "DogPictureBrowser" */ = {
			isa = XCConfigurationList;
			buildConfigurations = (
				8CE1EA7025E2F8BB0002C56C /* Debug */,
				8CE1EA7125E2F8BB0002C56C /* Release */,
			);
			defaultConfigurationIsVisible = 0;
			defaultConfigurationName = Release;
		};
		8CE1EA7225E2F8BB0002C56C /* Build configuration list for PBXNativeTarget "DogPictureBrowser" */ = {
			isa = XCConfigurationList;
			buildConfigurations = (
				8CE1EA7325E2F8BB0002C56C /* Debug */,
				8CE1EA7425E2F8BB0002C56C /* Release */,
			);
			defaultConfigurationIsVisible = 0;
			defaultConfigurationName = Release;
		};
/* End XCConfigurationList section */
	};
	rootObject = 8CE1EA5B25E2F8B60002C56C /* Project object */;
}
